{
  "name": "keydrop_tool",
  "version": "1.0.0",
  "lockfileVersion": 3,
  "requires": true,
  "packages": {
    "": {
      "name": "keydrop_tool",
      "version": "1.0.0",
      "license": "MIT",
      "dependencies": {
        "keydrop_tool": "^1.0.0"
      }
    },
    "node_modules/keydrop_tool": {
      "version": "1.0.0",
      "resolved": "https://registry.npmjs.org/keydrop_tool/-/keydrop_tool-1.0.0.tgz",
      "integrity": "sha512-TO+3PUbVKTEH8aA1M08RgQhVL62R7CymCjdZR4eqjRhif1CGl5CAAmk76EiZe9DXr4qjGIF4g+4SHW2KugywWw==",
      "license": "MIT"
    }
  }
}
